{
  "name": "hasselhoff-attack",
  "version": "0.0.6",
  "lockfileVersion": 1,
  "requires": true,
  "dependencies": {
    "pify": {
      "version": "2.3.0",
      "resolved": "https://registry.npmjs.org/pify/-/pify-2.3.0.tgz",
      "integrity": "sha1-7RQaasBDqEnqWISY59yosVMw6Qw="
    },
    "wallpaper": {
      "version": "2.6.0",
      "resolved": "https://registry.npmjs.org/wallpaper/-/wallpaper-2.6.0.tgz",
      "integrity": "sha512-c5Wcm5EjNN1U1+F+ef5zPvT1pHs750I4mA8jBQqoCzZw221n6OaGm6X5Z1Twy6VZmSZ8wyHH01i6xXW6DvLvXg==",
      "requires": {
        "pify": "2.3.0"
      }
    }
  }
}
